
Microsoft Visual Studio Solution File, Format Version 12.00
# Visual Studio 15
VisualStudioVersion = 15.0.27130.2027
MinimumVisualStudioVersion = 10.0.40219.1
Project("{9A19103F-16F7-4668-BE54-9A1E7A4F7556}") = "SchoolCommunity", "SchoolCommunity\SchoolCommunity.csproj", "{7E5879BE-08CB-4A05-BF57-46C16749AA80}"
EndProject
Project("{9A19103F-16F7-4668-BE54-9A1E7A4F7556}") = "ConsoleTeste", "ConsoleTeste\ConsoleTeste.csproj", "{18BBD198-F845-43AF-BD70-D2913F3D6CE7}"
EndProject
Global
	GlobalSection(SolutionConfigurationPlatforms) = preSolution
		Debug|Any CPU = Debug|Any CPU
		Release|Any CPU = Release|Any CPU
	EndGlobalSection
	GlobalSection(ProjectConfigurationPlatforms) = postSolution
		{7E5879BE-08CB-4A05-BF57-46C16749AA80}.Debug|Any CPU.ActiveCfg = Debug|Any CPU
		{7E5879BE-08CB-4A05-BF57-46C16749AA80}.Debug|Any CPU.Build.0 = Debug|Any CPU
		{7E5879BE-08CB-4A05-BF57-46C16749AA80}.Release|Any CPU.ActiveCfg = Release|Any CPU
		{7E5879BE-08CB-4A05-BF57-46C16749AA80}.Release|Any CPU.Build.0 = Release|Any CPU
		{18BBD198-F845-43AF-BD70-D2913F3D6CE7}.Debug|Any CPU.ActiveCfg = Debug|Any CPU
		{18BBD198-F845-43AF-BD70-D2913F3D6CE7}.Debug|Any CPU.Build.0 = Debug|Any CPU
		{18BBD198-F845-43AF-BD70-D2913F3D6CE7}.Release|Any CPU.ActiveCfg = Release|Any CPU
		{18BBD198-F845-43AF-BD70-D2913F3D6CE7}.Release|Any CPU.Build.0 = Release|Any CPU
	EndGlobalSection
	GlobalSection(SolutionProperties) = preSolution
		HideSolutionNode = FALSE
	EndGlobalSection
	GlobalSection(ExtensibilityGlobals) = postSolution
		SolutionGuid = {2CA06DEF-986F-41CD-8F79-20536198C5E9}
	EndGlobalSection
EndGlobal
